
Microsoft Visual Studio Solution File, Format Version 12.00
# Visual Studio Version 17
VisualStudioVersion = 17.7.34024.191
MinimumVisualStudioVersion = 10.0.40219.1
Project("{FAE04EC0-301F-11D3-BF4B-00C04F79EFBC}") = "Calculator", "Calculator.csproj", "{7AF2CD00-EF67-49FD-B577-B945D104E2F4}"
EndProject
Global
	GlobalSection(SolutionConfigurationPlatforms) = preSolution
		Debug|Any CPU = Debug|Any CPU
		Release|Any CPU = Release|Any CPU
	EndGlobalSection
	GlobalSection(ProjectConfigurationPlatforms) = postSolution
		{7AF2CD00-EF67-49FD-B577-B945D104E2F4}.Debug|Any CPU.ActiveCfg = Debug|Any CPU
		{7AF2CD00-EF67-49FD-B577-B945D104E2F4}.Debug|Any CPU.Build.0 = Debug|Any CPU
		{7AF2CD00-EF67-49FD-B577-B945D104E2F4}.Release|Any CPU.ActiveCfg = Release|Any CPU
		{7AF2CD00-EF67-49FD-B577-B945D104E2F4}.Release|Any CPU.Build.0 = Release|Any CPU
	EndGlobalSection
	GlobalSection(SolutionProperties) = preSolution
		HideSolutionNode = FALSE
	EndGlobalSection
	GlobalSection(ExtensibilityGlobals) = postSolution
		SolutionGuid = {967C23A1-E977-449B-8C83-8C578C341702}
	EndGlobalSection
EndGlobal
